{
  "name": "ngx-extended-pdf-annotations",
  "version": "0.0.3",
  "lockfileVersion": 1,
  "requires": true,
  "dependencies": {
    "@ngneat/until-destroy": {
      "version": "8.1.4",
      "resolved": "https://registry.npmjs.org/@ngneat/until-destroy/-/until-destroy-8.1.4.tgz",
      "integrity": "sha512-Bk+jS0ZyCKvW2wLJPMJ8jr6lhYlDVVbE2/WbQ5L3eBcwmem82649o6s7G68tDNA+5UeHtfW7fbpK4Bhj8r+B9g==",
      "requires": {
        "tslib": "^2.2.0"
      }
    },
    "@types/node": {
      "version": "16.11.2",
      "resolved": "https://registry.npmjs.org/@types/node/-/node-16.11.2.tgz",
      "integrity": "sha512-w34LtBB0OkDTs19FQHXy4Ig/TOXI4zqvXS2Kk1PAsRKZ0I+nik7LlMYxckW0tSNGtvWmzB+mrCTbuEjuB9DVsw==",
      "dev": true
    },
    "ng-inline-svg": {
      "version": "13.1.0",
      "resolved": "https://registry.npmjs.org/ng-inline-svg/-/ng-inline-svg-13.1.0.tgz",
      "integrity": "sha512-dErnLxkOzL0BC2JzkWjusOJDTDfBZDFgNcLPSB4ivnEF+hTxKVtehsUUsnTnGYUu4wn09P+YIU62qRP2Ghma2g=="
    },
    "tslib": {
      "version": "2.3.1",
      "resolved": "https://registry.npmjs.org/tslib/-/tslib-2.3.1.tgz",
      "integrity": "sha512-77EbyPPpMz+FRFRuAFlWMtmgUWGe9UOG2Z25NqCwiIjRhOf5iKGuzSe5P2w1laq+FkRy4p+PCuVkJSGkzTEKVw=="
    },
    "uuid": {
      "version": "8.3.2",
      "resolved": "https://registry.npmjs.org/uuid/-/uuid-8.3.2.tgz",
      "integrity": "sha512-+NYs2QeMWy+GWFOEm9xnn6HCDp0l7QBD7ml8zLUmJ+93Q5NF0NocErnwkTkXVFNiX3/fpC6afS8Dhb/gz7R7eg=="
    }
  }
}
